github.com/devsisters/goquic v0.0.0-20200619094715-fb44d4c3f772 h1:PdYN81YIujlMViuSZ0a08VJKZrLiQdgIQzJFPtl/y7E=
github.com/devsisters/goquic v0.0.0-20200619094715-fb44d4c3f772/go.mod h1:j2/5IlJm72Popu7OhM0JStr7/11uAFQZUZWtdPTTfw8=
github.com/oleiade/lane v1.0.1 h1:hXofkn7GEOubzTwNpeL9MaNy8WxolCYb9cInAIeqShU=
github.com/oleiade/lane v1.0.1/go.mod h1:IyTkraa4maLfjq/GmHR+Dxb4kCMtEGeb+qmhlrQ5Mk4=
github.com/vanillahsu/go_reuseport v0.0.0-20140603073948-087e013b0a0c h1:95Mqp6jWUKsoYKWHgfaTNYD/PIzH+r6Xd/NakLwrc64=
github.com/vanillahsu/go_reuseport v0.0.0-20140603073948-087e013b0a0c/go.mod h1:8E9wZuFGP90zSeLQQmgKP5e942ADwSUP1Geddzr4YuI=
golang.org/x/net v0.43.0 h1:lat02VYK2j4aLzMzecihNvTlJNQUq316m2Mr9rnM6YE=
golang.org/x/net v0.43.0/go.mod h1:vhO1fvI4dGsIjh73sWfUVjj3N7CA9WkKJNQm2svM6Jg=
golang.org/x/text v0.28.0 h1:rhazDwis8INMIwQ4tpjLDzUhx6RlXqZNPEM0huQojng=
golang.org/x/text v0.28.0/go.mod h1:U8nCwOR8jO/marOQ0QbDiOngZVEBB7MAiitBuMjXiNU=
